
Microsoft Visual Studio Solution File, Format Version 11.00
# Visual Studio 2010
Project("{FAE04EC0-301F-11D3-BF4B-00C04F79EFBC}") = "Assembly-CSharp", "Assembly-CSharp.csproj", "{B657F1ED-08F0-1FB1-674E-4D89359C85DD}"
EndProject
Global
	GlobalSection(SolutionConfigurationPlatforms) = preSolution
		Debug|Any CPU = Debug|Any CPU
		Release|Any CPU = Release|Any CPU
	EndGlobalSection
	GlobalSection(ProjectConfigurationPlatforms) = postSolution
		{B657F1ED-08F0-1FB1-674E-4D89359C85DD}.Debug|Any CPU.ActiveCfg = Debug|Any CPU
		{B657F1ED-08F0-1FB1-674E-4D89359C85DD}.Debug|Any CPU.Build.0 = Debug|Any CPU
		{B657F1ED-08F0-1FB1-674E-4D89359C85DD}.Release|Any CPU.ActiveCfg = Release|Any CPU
		{B657F1ED-08F0-1FB1-674E-4D89359C85DD}.Release|Any CPU.Build.0 = Release|Any CPU
	EndGlobalSection
	GlobalSection(SolutionProperties) = preSolution
		HideSolutionNode = FALSE
	EndGlobalSection
EndGlobal
